schema: '2.0'
stages:
  data_ingestion:
    cmd: python src/data/data_ingestion.py
    deps:
    - path: src/data/data_ingestion.py
      hash: md5
      md5: d39d17b75bfa5ab97b8388c8aed69389
      size: 5061
    params:
      params.yaml:
        data_ingestion:
          raw_data_file: data/raw/loan_approval_data.csv
          interim_data_path: data/interim
          drop_columns:
          - loan_id
    outs:
    - path: data/interim/loan_data_cleaned.csv
      hash: md5
      md5: dbdb14012c73940501008ef316a86a74
      size: 368181
  data_preprocessing:
    cmd: python src/data/data_preprocessing.py
    deps:
    - path: data/interim/loan_data_cleaned.csv
      hash: md5
      md5: dbdb14012c73940501008ef316a86a74
      size: 368181
    - path: src/data/data_preprocessing.py
      hash: md5
      md5: 6fa868c774652ee4447fb8068b750ed1
      size: 13292
    params:
      params.yaml:
        data_preprocessing:
          interim_data_file: data/interim/loan_data_cleaned.csv
          processed_data_path: data/processed
          test_size: 0.2
          random_state: 42
          winsorize_columns:
          - cibil_score
          - residential_assets_value
          - commercial_assets_value
          - bank_asset_value
          winsorize_limits_approved:
          - 0.05
          - 0.1
          winsorize_limits_rejected:
          - 0.05
          - 0.1
          boxcox_columns:
          - loan_amount
          - residential_assets_value
          - commercial_assets_value
          - luxury_assets_value
          - bank_asset_value
          asset_columns:
          - residential_assets_value
          - commercial_assets_value
          - luxury_assets_value
          - bank_asset_value
    outs:
    - path: data/processed/test.csv
      hash: md5
      md5: c71019f228bf6979389c400bebac1d88
      size: 54942
    - path: data/processed/train.csv
      hash: md5
      md5: c29de2ac1aaa9f071d2f5255971112c3
      size: 219206
    - path: models/artifacts/boxcox_lambdas.json
      hash: md5
      md5: 242a447385475cf5a4f7faec5311c5f7
      size: 243
    - path: models/artifacts/encodings.json
      hash: md5
      md5: 0b421504d5241b2b90a53afa7e004377
      size: 201
  feature_engineering:
    cmd: python src/features/feature_engineering.py
    deps:
    - path: data/processed/test.csv
      hash: md5
      md5: c71019f228bf6979389c400bebac1d88
      size: 54942
    - path: data/processed/train.csv
      hash: md5
      md5: c29de2ac1aaa9f071d2f5255971112c3
      size: 219206
    - path: src/features/feature_engineering.py
      hash: md5
      md5: 3c9c7e0403dd46f7d33084cfe37ee273
      size: 8943
    params:
      params.yaml:
        feature_engineering:
          train_file: data/processed/train.csv
          test_file: data/processed/test.csv
          output_path: data/features
          random_state: 42
          apply_smote: true
          selected_features:
          - cibil_score
          - loan_term
          - loan_amount
          - total_assets
          - income_annum
          - employment_type_Salaried
    outs:
    - path: data/features/test_features.csv
      hash: md5
      md5: 4b42f4541823e46862a463719d71ef25
      size: 102449
    - path: data/features/train_features.csv
      hash: md5
      md5: 9b40b29858df8d14725fd3e13cfc442c
      size: 510919
    - path: models/artifacts/scaler.pkl
      hash: md5
      md5: 0455745efaca9ac11d4052e882055fb1
      size: 778
    - path: models/artifacts/selected_features.json
      hash: md5
      md5: 152cd28205bb4ec1b04861394ce44137
      size: 186
  model_training:
    cmd: python src/model/model_building.py
    deps:
    - path: data/features/train_features.csv
      hash: md5
      md5: 9b40b29858df8d14725fd3e13cfc442c
      size: 510919
    - path: src/model/model_building.py
      hash: md5
      md5: 5f04d8762d5b790065bc274aac1d48cc
      size: 4873
    params:
      params.yaml:
        model_building:
          train_features_file: data/features/train_features.csv
          test_features_file: data/features/test_features.csv
          model_output_path: models
          model_name: xgboost_model.pkl
          random_state: 42
          xgboost_params:
            n_estimators: 200
            max_depth: 3
            learning_rate: 0.2
            subsample: 0.75
            colsample_bytree: 0.75
            eval_metric: logloss
    outs:
    - path: models/xgboost_model.pkl
      hash: md5
      md5: 4df5388b15b2c29d735771832688b41e
      size: 199419
  model_evaluation:
    cmd: python src/model/model_evaluation.py
    deps:
    - path: models/xgboost_model.pkl
      hash: md5
      md5: 4df5388b15b2c29d735771832688b41e
      size: 199419
    - path: src/model/model_evaluation.py
      hash: md5
      md5: 28d75ec74152e27eaa1c01d7544316f2
      size: 8111
    params:
      params.yaml:
        model_evaluation:
          test_features_file: data/features/test_features.csv
          model_path: models/xgboost_model.pkl
          metrics_file: reports/metrics.json
    outs:
    - path: reports/experiment_info.json
      hash: md5
      md5: 422b5ac03dc3cda36154638516644906
      size: 269
    - path: reports/metrics.json
      hash: md5
      md5: 10cc20057752f8e92af222ab54568b60
      size: 149
  model_registration:
    cmd: python src/model/model_registration.py
    deps:
    - path: reports/experiment_info.json
      hash: md5
      md5: 422b5ac03dc3cda36154638516644906
      size: 269
    - path: src/model/model_registration.py
      hash: md5
      md5: 832825b8b7471b3b3a802c1976e74934
      size: 6414
